
Microsoft Visual Studio Solution File, Format Version 12.00
# Visual Studio Version 17
VisualStudioVersion = 17.7.34009.444
MinimumVisualStudioVersion = 10.0.40219.1
Project("{FAE04EC0-301F-11D3-BF4B-00C04F79EFBC}") = "JuegoAdivinanza", "JuegoAdivinanza\JuegoAdivinanza.csproj", "{3681B9D8-C38C-46EE-AAEE-A5AB6490C579}"
EndProject
Global
	GlobalSection(SolutionConfigurationPlatforms) = preSolution
		Debug|Any CPU = Debug|Any CPU
		Release|Any CPU = Release|Any CPU
	EndGlobalSection
	GlobalSection(ProjectConfigurationPlatforms) = postSolution
		{3681B9D8-C38C-46EE-AAEE-A5AB6490C579}.Debug|Any CPU.ActiveCfg = Debug|Any CPU
		{3681B9D8-C38C-46EE-AAEE-A5AB6490C579}.Debug|Any CPU.Build.0 = Debug|Any CPU
		{3681B9D8-C38C-46EE-AAEE-A5AB6490C579}.Release|Any CPU.ActiveCfg = Release|Any CPU
		{3681B9D8-C38C-46EE-AAEE-A5AB6490C579}.Release|Any CPU.Build.0 = Release|Any CPU
	EndGlobalSection
	GlobalSection(SolutionProperties) = preSolution
		HideSolutionNode = FALSE
	EndGlobalSection
	GlobalSection(ExtensibilityGlobals) = postSolution
		SolutionGuid = {86B46BB2-7476-469E-A371-0D35AE001915}
	EndGlobalSection
EndGlobal
